
Microsoft Visual Studio Solution File, Format Version 12.00
# Visual Studio Version 17
VisualStudioVersion = 17.1.32328.378
MinimumVisualStudioVersion = 10.0.40219.1
Project("{9A19103F-16F7-4668-BE54-9A1E7A4F7556}") = "fileInspector", "fileInspector.csproj", "{2EBA6236-9B09-499C-A716-658F2411AAE4}"
EndProject
Project("{8BC9CEB8-8B4A-11D0-8D11-00A0C91BC942}") = "libmupdf", "modules\mupdf\platform\win32\libmupdf.vcxproj", "{5F615F91-DFF8-4F05-BF48-6222B7D86519}"
EndProject
Project("{8BC9CEB8-8B4A-11D0-8D11-00A0C91BC942}") = "pdfapi", "..\modules\pdfapi\pdfapi.vcxproj", "{0BC05B38-0C10-4FD4-900E-48C45E7B29EA}"
EndProject
Global
	GlobalSection(SolutionConfigurationPlatforms) = preSolution
		Debug|Any CPU = Debug|Any CPU
		Debug|x64 = Debug|x64
		Debug|x86 = Debug|x86
		DebugDLL|Any CPU = DebugDLL|Any CPU
		DebugDLL|x64 = DebugDLL|x64
		DebugDLL|x86 = DebugDLL|x86
		DebugOpenSSL|Any CPU = DebugOpenSSL|Any CPU
		DebugOpenSSL|x64 = DebugOpenSSL|x64
		DebugOpenSSL|x86 = DebugOpenSSL|x86
		DebugTesseract|Any CPU = DebugTesseract|Any CPU
		DebugTesseract|x64 = DebugTesseract|x64
		DebugTesseract|x86 = DebugTesseract|x86
		Memento|Any CPU = Memento|Any CPU
		Memento|x64 = Memento|x64
		Memento|x86 = Memento|x86
		MementoDLL|Any CPU = MementoDLL|Any CPU
		MementoDLL|x64 = MementoDLL|x64
		MementoDLL|x86 = MementoDLL|x86
		MementoOpenSSL|Any CPU = MementoOpenSSL|Any CPU
		MementoOpenSSL|x64 = MementoOpenSSL|x64
		MementoOpenSSL|x86 = MementoOpenSSL|x86
		MementoTesseract|Any CPU = MementoTesseract|Any CPU
		MementoTesseract|x64 = MementoTesseract|x64
		MementoTesseract|x86 = MementoTesseract|x86
		Release|Any CPU = Release|Any CPU
		Release|x64 = Release|x64
		Release|x86 = Release|x86
		ReleaseDLL|Any CPU = ReleaseDLL|Any CPU
		ReleaseDLL|x64 = ReleaseDLL|x64
		ReleaseDLL|x86 = ReleaseDLL|x86
		ReleaseOpenSSL|Any CPU = ReleaseOpenSSL|Any CPU
		ReleaseOpenSSL|x64 = ReleaseOpenSSL|x64
		ReleaseOpenSSL|x86 = ReleaseOpenSSL|x86
		ReleaseTesseract|Any CPU = ReleaseTesseract|Any CPU
		ReleaseTesseract|x64 = ReleaseTesseract|x64
		ReleaseTesseract|x86 = ReleaseTesseract|x86
	EndGlobalSection
	GlobalSection(ProjectConfigurationPlatforms) = postSolution
		{2EBA6236-9B09-499C-A716-658F2411AAE4}.Debug|Any CPU.ActiveCfg = Debug|Any CPU
		{2EBA6236-9B09-499C-A716-658F2411AAE4}.Debug|Any CPU.Build.0 = Debug|Any CPU
		{2EBA6236-9B09-499C-A716-658F2411AAE4}.Debug|x64.ActiveCfg = Debug|Any CPU
		{2EBA6236-9B09-499C-A716-658F2411AAE4}.Debug|x64.Build.0 = Debug|Any CPU
		{2EBA6236-9B09-499C-A716-658F2411AAE4}.Debug|x86.ActiveCfg = Debug|Any CPU
		{2EBA6236-9B09-499C-A716-658F2411AAE4}.Debug|x86.Build.0 = Debug|Any CPU
		{2EBA6236-9B09-499C-A716-658F2411AAE4}.DebugDLL|Any CPU.ActiveCfg = Debug|Any CPU
		{2EBA6236-9B09-499C-A716-658F2411AAE4}.DebugDLL|Any CPU.Build.0 = Debug|Any CPU
		{2EBA6236-9B09-499C-A716-658F2411AAE4}.DebugDLL|x64.ActiveCfg = Debug|Any CPU
		{2EBA6236-9B09-499C-A716-658F2411AAE4}.DebugDLL|x64.Build.0 = Debug|Any CPU
		{2EBA6236-9B09-499C-A716-658F2411AAE4}.DebugDLL|x86.ActiveCfg = Debug|Any CPU
		{2EBA6236-9B09-499C-A716-658F2411AAE4}.DebugDLL|x86.Build.0 = Debug|Any CPU
		{2EBA6236-9B09-499C-A716-658F2411AAE4}.DebugOpenSSL|Any CPU.ActiveCfg = Debug|Any CPU
		{2EBA6236-9B09-499C-A716-658F2411AAE4}.DebugOpenSSL|Any CPU.Build.0 = Debug|Any CPU
		{2EBA6236-9B09-499C-A716-658F2411AAE4}.DebugOpenSSL|x64.ActiveCfg = Debug|Any CPU
		{2EBA6236-9B09-499C-A716-658F2411AAE4}.DebugOpenSSL|x64.Build.0 = Debug|Any CPU
		{2EBA6236-9B09-499C-A716-658F2411AAE4}.DebugOpenSSL|x86.ActiveCfg = Debug|Any CPU
		{2EBA6236-9B09-499C-A716-658F2411AAE4}.DebugOpenSSL|x86.Build.0 = Debug|Any CPU
		{2EBA6236-9B09-499C-A716-658F2411AAE4}.DebugTesseract|Any CPU.ActiveCfg = Debug|Any CPU
		{2EBA6236-9B09-499C-A716-658F2411AAE4}.DebugTesseract|Any CPU.Build.0 = Debug|Any CPU
		{2EBA6236-9B09-499C-A716-658F2411AAE4}.DebugTesseract|x64.ActiveCfg = Debug|Any CPU
		{2EBA6236-9B09-499C-A716-658F2411AAE4}.DebugTesseract|x64.Build.0 = Debug|Any CPU
		{2EBA6236-9B09-499C-A716-658F2411AAE4}.DebugTesseract|x86.ActiveCfg = Debug|Any CPU
		{2EBA6236-9B09-499C-A716-658F2411AAE4}.DebugTesseract|x86.Build.0 = Debug|Any CPU
		{2EBA6236-9B09-499C-A716-658F2411AAE4}.Memento|Any CPU.ActiveCfg = Release|Any CPU
		{2EBA6236-9B09-499C-A716-658F2411AAE4}.Memento|Any CPU.Build.0 = Release|Any CPU
		{2EBA6236-9B09-499C-A716-658F2411AAE4}.Memento|x64.ActiveCfg = Release|Any CPU
		{2EBA6236-9B09-499C-A716-658F2411AAE4}.Memento|x64.Build.0 = Release|Any CPU
		{2EBA6236-9B09-499C-A716-658F2411AAE4}.Memento|x86.ActiveCfg = Release|Any CPU
		{2EBA6236-9B09-499C-A716-658F2411AAE4}.Memento|x86.Build.0 = Release|Any CPU
		{2EBA6236-9B09-499C-A716-658F2411AAE4}.MementoDLL|Any CPU.ActiveCfg = Release|Any CPU
		{2EBA6236-9B09-499C-A716-658F2411AAE4}.MementoDLL|Any CPU.Build.0 = Release|Any CPU
		{2EBA6236-9B09-499C-A716-658F2411AAE4}.MementoDLL|x64.ActiveCfg = Release|Any CPU
		{2EBA6236-9B09-499C-A716-658F2411AAE4}.MementoDLL|x64.Build.0 = Release|Any CPU
		{2EBA6236-9B09-499C-A716-658F2411AAE4}.MementoDLL|x86.ActiveCfg = Release|Any CPU
		{2EBA6236-9B09-499C-A716-658F2411AAE4}.MementoDLL|x86.Build.0 = Release|Any CPU
		{2EBA6236-9B09-499C-A716-658F2411AAE4}.MementoOpenSSL|Any CPU.ActiveCfg = Release|Any CPU
		{2EBA6236-9B09-499C-A716-658F2411AAE4}.MementoOpenSSL|Any CPU.Build.0 = Release|Any CPU
		{2EBA6236-9B09-499C-A716-658F2411AAE4}.MementoOpenSSL|x64.ActiveCfg = Release|Any CPU
		{2EBA6236-9B09-499C-A716-658F2411AAE4}.MementoOpenSSL|x64.Build.0 = Release|Any CPU
		{2EBA6236-9B09-499C-A716-658F2411AAE4}.MementoOpenSSL|x86.ActiveCfg = Release|Any CPU
		{2EBA6236-9B09-499C-A716-658F2411AAE4}.MementoOpenSSL|x86.Build.0 = Release|Any CPU
		{2EBA6236-9B09-499C-A716-658F2411AAE4}.MementoTesseract|Any CPU.ActiveCfg = Release|Any CPU
		{2EBA6236-9B09-499C-A716-658F2411AAE4}.MementoTesseract|Any CPU.Build.0 = Release|Any CPU
		{2EBA6236-9B09-499C-A716-658F2411AAE4}.MementoTesseract|x64.ActiveCfg = Release|Any CPU
		{2EBA6236-9B09-499C-A716-658F2411AAE4}.MementoTesseract|x64.Build.0 = Release|Any CPU
		{2EBA6236-9B09-499C-A716-658F2411AAE4}.MementoTesseract|x86.ActiveCfg = Release|Any CPU
		{2EBA6236-9B09-499C-A716-658F2411AAE4}.MementoTesseract|x86.Build.0 = Release|Any CPU
		{2EBA6236-9B09-499C-A716-658F2411AAE4}.Release|Any CPU.ActiveCfg = Release|Any CPU
		{2EBA6236-9B09-499C-A716-658F2411AAE4}.Release|Any CPU.Build.0 = Release|Any CPU
		{2EBA6236-9B09-499C-A716-658F2411AAE4}.Release|x64.ActiveCfg = Release|Any CPU
		{2EBA6236-9B09-499C-A716-658F2411AAE4}.Release|x64.Build.0 = Release|Any CPU
		{2EBA6236-9B09-499C-A716-658F2411AAE4}.Release|x86.ActiveCfg = Release|Any CPU
		{2EBA6236-9B09-499C-A716-658F2411AAE4}.Release|x86.Build.0 = Release|Any CPU
		{2EBA6236-9B09-499C-A716-658F2411AAE4}.ReleaseDLL|Any CPU.ActiveCfg = Release|Any CPU
		{2EBA6236-9B09-499C-A716-658F2411AAE4}.ReleaseDLL|Any CPU.Build.0 = Release|Any CPU
		{2EBA6236-9B09-499C-A716-658F2411AAE4}.ReleaseDLL|x64.ActiveCfg = Release|Any CPU
		{2EBA6236-9B09-499C-A716-658F2411AAE4}.ReleaseDLL|x64.Build.0 = Release|Any CPU
		{2EBA6236-9B09-499C-A716-658F2411AAE4}.ReleaseDLL|x86.ActiveCfg = Release|Any CPU
		{2EBA6236-9B09-499C-A716-658F2411AAE4}.ReleaseDLL|x86.Build.0 = Release|Any CPU
		{2EBA6236-9B09-499C-A716-658F2411AAE4}.ReleaseOpenSSL|Any CPU.ActiveCfg = Release|Any CPU
		{2EBA6236-9B09-499C-A716-658F2411AAE4}.ReleaseOpenSSL|Any CPU.Build.0 = Release|Any CPU
		{2EBA6236-9B09-499C-A716-658F2411AAE4}.ReleaseOpenSSL|x64.ActiveCfg = Release|Any CPU
		{2EBA6236-9B09-499C-A716-658F2411AAE4}.ReleaseOpenSSL|x64.Build.0 = Release|Any CPU
		{2EBA6236-9B09-499C-A716-658F2411AAE4}.ReleaseOpenSSL|x86.ActiveCfg = Release|Any CPU
		{2EBA6236-9B09-499C-A716-658F2411AAE4}.ReleaseOpenSSL|x86.Build.0 = Release|Any CPU
		{2EBA6236-9B09-499C-A716-658F2411AAE4}.ReleaseTesseract|Any CPU.ActiveCfg = Release|Any CPU
		{2EBA6236-9B09-499C-A716-658F2411AAE4}.ReleaseTesseract|Any CPU.Build.0 = Release|Any CPU
		{2EBA6236-9B09-499C-A716-658F2411AAE4}.ReleaseTesseract|x64.ActiveCfg = Release|Any CPU
		{2EBA6236-9B09-499C-A716-658F2411AAE4}.ReleaseTesseract|x64.Build.0 = Release|Any CPU
		{2EBA6236-9B09-499C-A716-658F2411AAE4}.ReleaseTesseract|x86.ActiveCfg = Release|Any CPU
		{2EBA6236-9B09-499C-A716-658F2411AAE4}.ReleaseTesseract|x86.Build.0 = Release|Any CPU
		{5F615F91-DFF8-4F05-BF48-6222B7D86519}.Debug|Any CPU.ActiveCfg = Debug|x64
		{5F615F91-DFF8-4F05-BF48-6222B7D86519}.Debug|x64.ActiveCfg = Debug|x64
		{5F615F91-DFF8-4F05-BF48-6222B7D86519}.Debug|x64.Build.0 = Debug|x64
		{5F615F91-DFF8-4F05-BF48-6222B7D86519}.Debug|x86.ActiveCfg = Debug|Win32
		{5F615F91-DFF8-4F05-BF48-6222B7D86519}.Debug|x86.Build.0 = Debug|Win32
		{5F615F91-DFF8-4F05-BF48-6222B7D86519}.DebugDLL|Any CPU.ActiveCfg = DebugDLL|x64
		{5F615F91-DFF8-4F05-BF48-6222B7D86519}.DebugDLL|Any CPU.Build.0 = DebugDLL|x64
		{5F615F91-DFF8-4F05-BF48-6222B7D86519}.DebugDLL|x64.ActiveCfg = DebugDLL|x64
		{5F615F91-DFF8-4F05-BF48-6222B7D86519}.DebugDLL|x64.Build.0 = DebugDLL|x64
		{5F615F91-DFF8-4F05-BF48-6222B7D86519}.DebugDLL|x86.ActiveCfg = DebugDLL|Win32
		{5F615F91-DFF8-4F05-BF48-6222B7D86519}.DebugDLL|x86.Build.0 = DebugDLL|Win32
		{5F615F91-DFF8-4F05-BF48-6222B7D86519}.DebugOpenSSL|Any CPU.ActiveCfg = DebugOpenSSL|x64
		{5F615F91-DFF8-4F05-BF48-6222B7D86519}.DebugOpenSSL|Any CPU.Build.0 = DebugOpenSSL|x64
		{5F615F91-DFF8-4F05-BF48-6222B7D86519}.DebugOpenSSL|x64.ActiveCfg = DebugOpenSSL|x64
		{5F615F91-DFF8-4F05-BF48-6222B7D86519}.DebugOpenSSL|x64.Build.0 = DebugOpenSSL|x64
		{5F615F91-DFF8-4F05-BF48-6222B7D86519}.DebugOpenSSL|x86.ActiveCfg = DebugOpenSSL|Win32
		{5F615F91-DFF8-4F05-BF48-6222B7D86519}.DebugOpenSSL|x86.Build.0 = DebugOpenSSL|Win32
		{5F615F91-DFF8-4F05-BF48-6222B7D86519}.DebugTesseract|Any CPU.ActiveCfg = DebugTesseract|x64
		{5F615F91-DFF8-4F05-BF48-6222B7D86519}.DebugTesseract|Any CPU.Build.0 = DebugTesseract|x64
		{5F615F91-DFF8-4F05-BF48-6222B7D86519}.DebugTesseract|x64.ActiveCfg = DebugTesseract|x64
		{5F615F91-DFF8-4F05-BF48-6222B7D86519}.DebugTesseract|x64.Build.0 = DebugTesseract|x64
		{5F615F91-DFF8-4F05-BF48-6222B7D86519}.DebugTesseract|x86.ActiveCfg = DebugTesseract|Win32
		{5F615F91-DFF8-4F05-BF48-6222B7D86519}.DebugTesseract|x86.Build.0 = DebugTesseract|Win32
		{5F615F91-DFF8-4F05-BF48-6222B7D86519}.Memento|Any CPU.ActiveCfg = Memento|x64
		{5F615F91-DFF8-4F05-BF48-6222B7D86519}.Memento|Any CPU.Build.0 = Memento|x64
		{5F615F91-DFF8-4F05-BF48-6222B7D86519}.Memento|x64.ActiveCfg = Memento|x64
		{5F615F91-DFF8-4F05-BF48-6222B7D86519}.Memento|x64.Build.0 = Memento|x64
		{5F615F91-DFF8-4F05-BF48-6222B7D86519}.Memento|x86.ActiveCfg = Memento|Win32
		{5F615F91-DFF8-4F05-BF48-6222B7D86519}.Memento|x86.Build.0 = Memento|Win32
		{5F615F91-DFF8-4F05-BF48-6222B7D86519}.MementoDLL|Any CPU.ActiveCfg = MementoDLL|x64
		{5F615F91-DFF8-4F05-BF48-6222B7D86519}.MementoDLL|Any CPU.Build.0 = MementoDLL|x64
		{5F615F91-DFF8-4F05-BF48-6222B7D86519}.MementoDLL|x64.ActiveCfg = MementoDLL|x64
		{5F615F91-DFF8-4F05-BF48-6222B7D86519}.MementoDLL|x64.Build.0 = MementoDLL|x64
		{5F615F91-DFF8-4F05-BF48-6222B7D86519}.MementoDLL|x86.ActiveCfg = MementoDLL|Win32
		{5F615F91-DFF8-4F05-BF48-6222B7D86519}.MementoDLL|x86.Build.0 = MementoDLL|Win32
		{5F615F91-DFF8-4F05-BF48-6222B7D86519}.MementoOpenSSL|Any CPU.ActiveCfg = MementoOpenSSL|x64
		{5F615F91-DFF8-4F05-BF48-6222B7D86519}.MementoOpenSSL|Any CPU.Build.0 = MementoOpenSSL|x64
		{5F615F91-DFF8-4F05-BF48-6222B7D86519}.MementoOpenSSL|x64.ActiveCfg = MementoOpenSSL|x64
		{5F615F91-DFF8-4F05-BF48-6222B7D86519}.MementoOpenSSL|x64.Build.0 = MementoOpenSSL|x64
		{5F615F91-DFF8-4F05-BF48-6222B7D86519}.MementoOpenSSL|x86.ActiveCfg = MementoOpenSSL|Win32
		{5F615F91-DFF8-4F05-BF48-6222B7D86519}.MementoOpenSSL|x86.Build.0 = MementoOpenSSL|Win32
		{5F615F91-DFF8-4F05-BF48-6222B7D86519}.MementoTesseract|Any CPU.ActiveCfg = MementoTesseract|x64
		{5F615F91-DFF8-4F05-BF48-6222B7D86519}.MementoTesseract|Any CPU.Build.0 = MementoTesseract|x64
		{5F615F91-DFF8-4F05-BF48-6222B7D86519}.MementoTesseract|x64.ActiveCfg = MementoTesseract|x64
		{5F615F91-DFF8-4F05-BF48-6222B7D86519}.MementoTesseract|x64.Build.0 = MementoTesseract|x64
		{5F615F91-DFF8-4F05-BF48-6222B7D86519}.MementoTesseract|x86.ActiveCfg = MementoTesseract|Win32
		{5F615F91-DFF8-4F05-BF48-6222B7D86519}.MementoTesseract|x86.Build.0 = MementoTesseract|Win32
		{5F615F91-DFF8-4F05-BF48-6222B7D86519}.Release|Any CPU.ActiveCfg = Release|x64
		{5F615F91-DFF8-4F05-BF48-6222B7D86519}.Release|Any CPU.Build.0 = Release|x64
		{5F615F91-DFF8-4F05-BF48-6222B7D86519}.Release|x64.ActiveCfg = Release|x64
		{5F615F91-DFF8-4F05-BF48-6222B7D86519}.Release|x64.Build.0 = Release|x64
		{5F615F91-DFF8-4F05-BF48-6222B7D86519}.Release|x86.ActiveCfg = Release|Win32
		{5F615F91-DFF8-4F05-BF48-6222B7D86519}.Release|x86.Build.0 = Release|Win32
		{5F615F91-DFF8-4F05-BF48-6222B7D86519}.ReleaseDLL|Any CPU.ActiveCfg = ReleaseDLL|x64
		{5F615F91-DFF8-4F05-BF48-6222B7D86519}.ReleaseDLL|Any CPU.Build.0 = ReleaseDLL|x64
		{5F615F91-DFF8-4F05-BF48-6222B7D86519}.ReleaseDLL|x64.ActiveCfg = ReleaseDLL|x64
		{5F615F91-DFF8-4F05-BF48-6222B7D86519}.ReleaseDLL|x64.Build.0 = ReleaseDLL|x64
		{5F615F91-DFF8-4F05-BF48-6222B7D86519}.ReleaseDLL|x86.ActiveCfg = ReleaseDLL|Win32
		{5F615F91-DFF8-4F05-BF48-6222B7D86519}.ReleaseDLL|x86.Build.0 = ReleaseDLL|Win32
		{5F615F91-DFF8-4F05-BF48-6222B7D86519}.ReleaseOpenSSL|Any CPU.ActiveCfg = ReleaseOpenSSL|x64
		{5F615F91-DFF8-4F05-BF48-6222B7D86519}.ReleaseOpenSSL|Any CPU.Build.0 = ReleaseOpenSSL|x64
		{5F615F91-DFF8-4F05-BF48-6222B7D86519}.ReleaseOpenSSL|x64.ActiveCfg = ReleaseOpenSSL|x64
		{5F615F91-DFF8-4F05-BF48-6222B7D86519}.ReleaseOpenSSL|x64.Build.0 = ReleaseOpenSSL|x64
		{5F615F91-DFF8-4F05-BF48-6222B7D86519}.ReleaseOpenSSL|x86.ActiveCfg = ReleaseOpenSSL|Win32
		{5F615F91-DFF8-4F05-BF48-6222B7D86519}.ReleaseOpenSSL|x86.Build.0 = ReleaseOpenSSL|Win32
		{5F615F91-DFF8-4F05-BF48-6222B7D86519}.ReleaseTesseract|Any CPU.ActiveCfg = ReleaseTesseract|x64
		{5F615F91-DFF8-4F05-BF48-6222B7D86519}.ReleaseTesseract|Any CPU.Build.0 = ReleaseTesseract|x64
		{5F615F91-DFF8-4F05-BF48-6222B7D86519}.ReleaseTesseract|x64.ActiveCfg = ReleaseTesseract|x64
		{5F615F91-DFF8-4F05-BF48-6222B7D86519}.ReleaseTesseract|x64.Build.0 = ReleaseTesseract|x64
		{5F615F91-DFF8-4F05-BF48-6222B7D86519}.ReleaseTesseract|x86.ActiveCfg = ReleaseTesseract|Win32
		{5F615F91-DFF8-4F05-BF48-6222B7D86519}.ReleaseTesseract|x86.Build.0 = ReleaseTesseract|Win32
		{0BC05B38-0C10-4FD4-900E-48C45E7B29EA}.Debug|Any CPU.ActiveCfg = Debug|x64
		{0BC05B38-0C10-4FD4-900E-48C45E7B29EA}.Debug|x64.ActiveCfg = Debug|x64
		{0BC05B38-0C10-4FD4-900E-48C45E7B29EA}.Debug|x64.Build.0 = Debug|x64
		{0BC05B38-0C10-4FD4-900E-48C45E7B29EA}.Debug|x86.ActiveCfg = Debug|Win32
		{0BC05B38-0C10-4FD4-900E-48C45E7B29EA}.Debug|x86.Build.0 = Debug|Win32
		{0BC05B38-0C10-4FD4-900E-48C45E7B29EA}.DebugDLL|Any CPU.ActiveCfg = Debug|Win32
		{0BC05B38-0C10-4FD4-900E-48C45E7B29EA}.DebugDLL|Any CPU.Build.0 = Debug|Win32
		{0BC05B38-0C10-4FD4-900E-48C45E7B29EA}.DebugDLL|x64.ActiveCfg = Debug|x64
		{0BC05B38-0C10-4FD4-900E-48C45E7B29EA}.DebugDLL|x64.Build.0 = Debug|x64
		{0BC05B38-0C10-4FD4-900E-48C45E7B29EA}.DebugDLL|x86.ActiveCfg = Debug|Win32
		{0BC05B38-0C10-4FD4-900E-48C45E7B29EA}.DebugDLL|x86.Build.0 = Debug|Win32
		{0BC05B38-0C10-4FD4-900E-48C45E7B29EA}.DebugOpenSSL|Any CPU.ActiveCfg = Debug|Win32
		{0BC05B38-0C10-4FD4-900E-48C45E7B29EA}.DebugOpenSSL|Any CPU.Build.0 = Debug|Win32
		{0BC05B38-0C10-4FD4-900E-48C45E7B29EA}.DebugOpenSSL|x64.ActiveCfg = Debug|x64
		{0BC05B38-0C10-4FD4-900E-48C45E7B29EA}.DebugOpenSSL|x64.Build.0 = Debug|x64
		{0BC05B38-0C10-4FD4-900E-48C45E7B29EA}.DebugOpenSSL|x86.ActiveCfg = Debug|Win32
		{0BC05B38-0C10-4FD4-900E-48C45E7B29EA}.DebugOpenSSL|x86.Build.0 = Debug|Win32
		{0BC05B38-0C10-4FD4-900E-48C45E7B29EA}.DebugTesseract|Any CPU.ActiveCfg = Debug|Win32
		{0BC05B38-0C10-4FD4-900E-48C45E7B29EA}.DebugTesseract|Any CPU.Build.0 = Debug|Win32
		{0BC05B38-0C10-4FD4-900E-48C45E7B29EA}.DebugTesseract|x64.ActiveCfg = Debug|x64
		{0BC05B38-0C10-4FD4-900E-48C45E7B29EA}.DebugTesseract|x64.Build.0 = Debug|x64
		{0BC05B38-0C10-4FD4-900E-48C45E7B29EA}.DebugTesseract|x86.ActiveCfg = Debug|Win32
		{0BC05B38-0C10-4FD4-900E-48C45E7B29EA}.DebugTesseract|x86.Build.0 = Debug|Win32
		{0BC05B38-0C10-4FD4-900E-48C45E7B29EA}.Memento|Any CPU.ActiveCfg = Debug|Win32
		{0BC05B38-0C10-4FD4-900E-48C45E7B29EA}.Memento|Any CPU.Build.0 = Debug|Win32
		{0BC05B38-0C10-4FD4-900E-48C45E7B29EA}.Memento|x64.ActiveCfg = Debug|x64
		{0BC05B38-0C10-4FD4-900E-48C45E7B29EA}.Memento|x64.Build.0 = Debug|x64
		{0BC05B38-0C10-4FD4-900E-48C45E7B29EA}.Memento|x86.ActiveCfg = Debug|Win32
		{0BC05B38-0C10-4FD4-900E-48C45E7B29EA}.Memento|x86.Build.0 = Debug|Win32
		{0BC05B38-0C10-4FD4-900E-48C45E7B29EA}.MementoDLL|Any CPU.ActiveCfg = Debug|Win32
		{0BC05B38-0C10-4FD4-900E-48C45E7B29EA}.MementoDLL|Any CPU.Build.0 = Debug|Win32
		{0BC05B38-0C10-4FD4-900E-48C45E7B29EA}.MementoDLL|x64.ActiveCfg = Debug|x64
		{0BC05B38-0C10-4FD4-900E-48C45E7B29EA}.MementoDLL|x64.Build.0 = Debug|x64
		{0BC05B38-0C10-4FD4-900E-48C45E7B29EA}.MementoDLL|x86.ActiveCfg = Debug|Win32
		{0BC05B38-0C10-4FD4-900E-48C45E7B29EA}.MementoDLL|x86.Build.0 = Debug|Win32
		{0BC05B38-0C10-4FD4-900E-48C45E7B29EA}.MementoOpenSSL|Any CPU.ActiveCfg = Debug|Win32
		{0BC05B38-0C10-4FD4-900E-48C45E7B29EA}.MementoOpenSSL|Any CPU.Build.0 = Debug|Win32
		{0BC05B38-0C10-4FD4-900E-48C45E7B29EA}.MementoOpenSSL|x64.ActiveCfg = Debug|x64
		{0BC05B38-0C10-4FD4-900E-48C45E7B29EA}.MementoOpenSSL|x64.Build.0 = Debug|x64
		{0BC05B38-0C10-4FD4-900E-48C45E7B29EA}.MementoOpenSSL|x86.ActiveCfg = Debug|Win32
		{0BC05B38-0C10-4FD4-900E-48C45E7B29EA}.MementoOpenSSL|x86.Build.0 = Debug|Win32
		{0BC05B38-0C10-4FD4-900E-48C45E7B29EA}.MementoTesseract|Any CPU.ActiveCfg = Debug|Win32
		{0BC05B38-0C10-4FD4-900E-48C45E7B29EA}.MementoTesseract|Any CPU.Build.0 = Debug|Win32
		{0BC05B38-0C10-4FD4-900E-48C45E7B29EA}.MementoTesseract|x64.ActiveCfg = Debug|x64
		{0BC05B38-0C10-4FD4-900E-48C45E7B29EA}.MementoTesseract|x64.Build.0 = Debug|x64
		{0BC05B38-0C10-4FD4-900E-48C45E7B29EA}.MementoTesseract|x86.ActiveCfg = Debug|Win32
		{0BC05B38-0C10-4FD4-900E-48C45E7B29EA}.MementoTesseract|x86.Build.0 = Debug|Win32
		{0BC05B38-0C10-4FD4-900E-48C45E7B29EA}.Release|Any CPU.ActiveCfg = Release|x64
		{0BC05B38-0C10-4FD4-900E-48C45E7B29EA}.Release|Any CPU.Build.0 = Release|x64
		{0BC05B38-0C10-4FD4-900E-48C45E7B29EA}.Release|x64.ActiveCfg = Release|x64
		{0BC05B38-0C10-4FD4-900E-48C45E7B29EA}.Release|x64.Build.0 = Release|x64
		{0BC05B38-0C10-4FD4-900E-48C45E7B29EA}.Release|x86.ActiveCfg = Release|Win32
		{0BC05B38-0C10-4FD4-900E-48C45E7B29EA}.Release|x86.Build.0 = Release|Win32
		{0BC05B38-0C10-4FD4-900E-48C45E7B29EA}.ReleaseDLL|Any CPU.ActiveCfg = Debug|Win32
		{0BC05B38-0C10-4FD4-900E-48C45E7B29EA}.ReleaseDLL|Any CPU.Build.0 = Debug|Win32
		{0BC05B38-0C10-4FD4-900E-48C45E7B29EA}.ReleaseDLL|x64.ActiveCfg = Release|x64
		{0BC05B38-0C10-4FD4-900E-48C45E7B29EA}.ReleaseDLL|x64.Build.0 = Release|x64
		{0BC05B38-0C10-4FD4-900E-48C45E7B29EA}.ReleaseDLL|x86.ActiveCfg = Release|Win32
		{0BC05B38-0C10-4FD4-900E-48C45E7B29EA}.ReleaseDLL|x86.Build.0 = Release|Win32
		{0BC05B38-0C10-4FD4-900E-48C45E7B29EA}.ReleaseOpenSSL|Any CPU.ActiveCfg = Debug|Win32
		{0BC05B38-0C10-4FD4-900E-48C45E7B29EA}.ReleaseOpenSSL|Any CPU.Build.0 = Debug|Win32
		{0BC05B38-0C10-4FD4-900E-48C45E7B29EA}.ReleaseOpenSSL|x64.ActiveCfg = Release|x64
		{0BC05B38-0C10-4FD4-900E-48C45E7B29EA}.ReleaseOpenSSL|x64.Build.0 = Release|x64
		{0BC05B38-0C10-4FD4-900E-48C45E7B29EA}.ReleaseOpenSSL|x86.ActiveCfg = Release|Win32
		{0BC05B38-0C10-4FD4-900E-48C45E7B29EA}.ReleaseOpenSSL|x86.Build.0 = Release|Win32
		{0BC05B38-0C10-4FD4-900E-48C45E7B29EA}.ReleaseTesseract|Any CPU.ActiveCfg = Debug|Win32
		{0BC05B38-0C10-4FD4-900E-48C45E7B29EA}.ReleaseTesseract|Any CPU.Build.0 = Debug|Win32
		{0BC05B38-0C10-4FD4-900E-48C45E7B29EA}.ReleaseTesseract|x64.ActiveCfg = Release|x64
		{0BC05B38-0C10-4FD4-900E-48C45E7B29EA}.ReleaseTesseract|x64.Build.0 = Release|x64
		{0BC05B38-0C10-4FD4-900E-48C45E7B29EA}.ReleaseTesseract|x86.ActiveCfg = Release|Win32
		{0BC05B38-0C10-4FD4-900E-48C45E7B29EA}.ReleaseTesseract|x86.Build.0 = Release|Win32
	EndGlobalSection
	GlobalSection(SolutionProperties) = preSolution
		HideSolutionNode = FALSE
	EndGlobalSection
	GlobalSection(ExtensibilityGlobals) = postSolution
		SolutionGuid = {F61C993E-B53C-4F4A-B227-45B9219DDAA7}
	EndGlobalSection
EndGlobal
